PODS:
  - Charts (3.0.2):
    - Charts/Core (= 3.0.2)
  - Charts/Core (3.0.2)
  - IGListKit (3.0.0):
    - IGListKit/Default (= 3.0.0)
  - IGListKit/Default (3.0.0):
    - IGListKit/Diffing
  - IGListKit/Diffing (3.0.0)

DEPENDENCIES:
  - Charts
  - IGListKit

SPEC CHECKSUMS:
  Charts: 236d6ccdd0ce6feae151d89e829a7397381a21fd
  IGListKit: 9eab6856a15fa25ad72018ff9d9eb2178c240fff

PODFILE CHECKSUM: 1ce3fdd59dfd77f65b4c90d024bb267b3b621246

COCOAPODS: 1.2.1
