// !$*UTF8*$!
{
	archiveVersion = 1;
	classes = {
	};
	objectVersion = 48;
	objects = {

/* Begin PBXBuildFile section */
		0518CA35CA9FFCF2B8EBCCC7 /* MDMeditationsListInteractorInput.swift in Sources */ = {isa = PBXBuildFile; fileRef = EBCCAEEF931B31FA7EBF24B6 /* MDMeditationsListInteractorInput.swift */; };
		0E37CEFB26D57CD0C074D7D5 /* MDMeditationsListConfigurator.swift in Sources */ = {isa = PBXBuildFile; fileRef = F4F8CAC32A1F184D91B68A5C /* MDMeditationsListConfigurator.swift */; };
		12C2700BC8072B0E27DA5BC6 /* MDMeditationsListInteractorOutput.swift in Sources */ = {isa = PBXBuildFile; fileRef = 39855EF1154812BF6B7EC0C3 /* MDMeditationsListInteractorOutput.swift */; };
		21E47AD9DD1386E757CF64F3 /* MDMeditationsListRouterInput.swift in Sources */ = {isa = PBXBuildFile; fileRef = 75BE54E91330DAE054C4D809 /* MDMeditationsListRouterInput.swift */; };
		2339BF0DEF58EC8AE2556AA9 /* MDMeditationsListViewInput.swift in Sources */ = {isa = PBXBuildFile; fileRef = 1C40D3E6CAB5E3762ABFC1CD /* MDMeditationsListViewInput.swift */; };
		356139A2893337C7512F6606 /* MDMeditationsListViewController.swift in Sources */ = {isa = PBXBuildFile; fileRef = 1133608DE766FB980242F744 /* MDMeditationsListViewController.swift */; };
		3A6468B1D5AADBE6C30C6B23 /* MDMeditationsListViewOutput.swift in Sources */ = {isa = PBXBuildFile; fileRef = EC0D0F6FB04EBEBE63198125 /* MDMeditationsListViewOutput.swift */; };
		4336666BCE06B432DE1E39FA /* MDMeditationChartInteractorOutput.swift in Sources */ = {isa = PBXBuildFile; fileRef = 3B5E1F12FD62B4840D8500A0 /* MDMeditationChartInteractorOutput.swift */; };
		692DF5390402846B38B9019D /* MDMeditationChartModuleInput.swift in Sources */ = {isa = PBXBuildFile; fileRef = 75F31A8D208AB982BC588613 /* MDMeditationChartModuleInput.swift */; };
		776D03DE41962C44F44B5A5D /* MDMeditationChartInteractorInput.swift in Sources */ = {isa = PBXBuildFile; fileRef = BE9BF75F4B2C905A0C65D848 /* MDMeditationChartInteractorInput.swift */; };
		7969BAB8D52807ADDA81DC88 /* MDMeditationChartConfigurator.swift in Sources */ = {isa = PBXBuildFile; fileRef = 7E4C8A2F51AE182C9B6DDC8B /* MDMeditationChartConfigurator.swift */; };
		7CCCEED73F62E1D9C9172346 /* MDMeditationChartRouterInput.swift in Sources */ = {isa = PBXBuildFile; fileRef = 09E26AAF45E9849D121E9109 /* MDMeditationChartRouterInput.swift */; };
		7DC0752E0AF421D1A74AA392 /* Pods_Meditation.framework in Frameworks */ = {isa = PBXBuildFile; fileRef = F72C40F15F32E64697D8E174 /* Pods_Meditation.framework */; };
		7E321DC5AE3A6FBA9AA2C3AD /* MDMeditationChartViewOutput.swift in Sources */ = {isa = PBXBuildFile; fileRef = 127E2769D7B56FEF206C57E0 /* MDMeditationChartViewOutput.swift */; };
		7F5E9787B74A3F0EB15F834A /* MDMeditationsListPresenter.swift in Sources */ = {isa = PBXBuildFile; fileRef = 5027369D082EC84755F7C1A5 /* MDMeditationsListPresenter.swift */; };
		7F9DCDBD4D804E4AF6D4E821 /* MDMeditationsListRouter.swift in Sources */ = {isa = PBXBuildFile; fileRef = DD6164E7E2B52D9642FC540C /* MDMeditationsListRouter.swift */; };
		80CD31E0F57F16418FC4EF3E /* MDMeditationChartRouter.swift in Sources */ = {isa = PBXBuildFile; fileRef = EDF8CBC7B28F79367AEF9F69 /* MDMeditationChartRouter.swift */; };
		8DA88BEEBC34044B1322348A /* MDMeditationsListModuleInput.swift in Sources */ = {isa = PBXBuildFile; fileRef = 3DB21479A094FDF9C56ADDB5 /* MDMeditationsListModuleInput.swift */; };
		9563FD2C614CFBE8C6B82583 /* Pods_MeditationTests.framework in Frameworks */ = {isa = PBXBuildFile; fileRef = 5308EC0AE580E2F86C049DC7 /* Pods_MeditationTests.framework */; };
		98A373FD0ACE83AE08B4492E /* MDMeditationChartViewInput.swift in Sources */ = {isa = PBXBuildFile; fileRef = 0A45C8708835B62E13F16580 /* MDMeditationChartViewInput.swift */; };
		9EB02687EDBECFA94E93BCB4 /* MDMeditationsListInitializer.swift in Sources */ = {isa = PBXBuildFile; fileRef = 46050A1C90DB3C1CC650FCA1 /* MDMeditationsListInitializer.swift */; };
		AA1B8D110FCFB9E32035CBF0 /* MDMeditationChartViewController.swift in Sources */ = {isa = PBXBuildFile; fileRef = 265C0C042EC77866A1BA3E46 /* MDMeditationChartViewController.swift */; };
		BB716297DD3FC4FA8039E140 /* MDMeditationChartInitializer.swift in Sources */ = {isa = PBXBuildFile; fileRef = 07C759DD0B83ADFFC3721571 /* MDMeditationChartInitializer.swift */; };
		C1F48D784EE747CA79F0A68A /* MDMeditationChartInteractor.swift in Sources */ = {isa = PBXBuildFile; fileRef = 19D99FCEFD0807415121C1C6 /* MDMeditationChartInteractor.swift */; };
		E18501CACB062452CF02EFB0 /* MDMeditationsListInteractor.swift in Sources */ = {isa = PBXBuildFile; fileRef = 75EBDE1964274617702652CA /* MDMeditationsListInteractor.swift */; };
		E18E51BE357D08BF24D9AAD4 /* MDMeditationChartPresenter.swift in Sources */ = {isa = PBXBuildFile; fileRef = 02B19D5F5D2D5A87249BB7E4 /* MDMeditationChartPresenter.swift */; };
		EB72073D1EFFF2530080FE5F /* HKQueryService.swift in Sources */ = {isa = PBXBuildFile; fileRef = EB72073C1EFFF2530080FE5F /* HKQueryService.swift */; };
		EB7657F31F07ABF100583C8E /* FastTimeChoiceController.swift in Sources */ = {isa = PBXBuildFile; fileRef = EB7657F21F07ABF100583C8E /* FastTimeChoiceController.swift */; };
		EB7657F51F07C74E00583C8E /* EditTimeController.swift in Sources */ = {isa = PBXBuildFile; fileRef = EB7657F41F07C74E00583C8E /* EditTimeController.swift */; };
		EB9908C71F0003A600C4F440 /* IGListKitDataSource.swift in Sources */ = {isa = PBXBuildFile; fileRef = EB9908C61F0003A600C4F440 /* IGListKitDataSource.swift */; };
		EB9908CA1F00086500C4F440 /* MeditationListSectionController.swift in Sources */ = {isa = PBXBuildFile; fileRef = EB9908C91F00086500C4F440 /* MeditationListSectionController.swift */; };
		EB9908CC1F0009DF00C4F440 /* MeditationListViewCell.swift in Sources */ = {isa = PBXBuildFile; fileRef = EB9908CB1F0009DF00C4F440 /* MeditationListViewCell.swift */; };
		EB9908CE1F0010C700C4F440 /* MeditationModelsFactory.swift in Sources */ = {isa = PBXBuildFile; fileRef = EB9908CD1F0010C700C4F440 /* MeditationModelsFactory.swift */; };
		EBDA52EE1EEED21E00028E1E /* AppDelegate.swift in Sources */ = {isa = PBXBuildFile; fileRef = EBDA52ED1EEED21E00028E1E /* AppDelegate.swift */; };
		EBDA52F31EEED21E00028E1E /* Main.storyboard in Resources */ = {isa = PBXBuildFile; fileRef = EBDA52F11EEED21E00028E1E /* Main.storyboard */; };
		EBDA52F51EEED21E00028E1E /* Assets.xcassets in Resources */ = {isa = PBXBuildFile; fileRef = EBDA52F41EEED21E00028E1E /* Assets.xcassets */; };
		EBDA52F81EEED21E00028E1E /* LaunchScreen.storyboard in Resources */ = {isa = PBXBuildFile; fileRef = EBDA52F61EEED21E00028E1E /* LaunchScreen.storyboard */; };
		EBDA53031EEED21E00028E1E /* MeditationTests.swift in Sources */ = {isa = PBXBuildFile; fileRef = EBDA53021EEED21E00028E1E /* MeditationTests.swift */; };
		EBDA530E1EEED21E00028E1E /* MeditationUITests.swift in Sources */ = {isa = PBXBuildFile; fileRef = EBDA530D1EEED21E00028E1E /* MeditationUITests.swift */; };
		EBDA531E1EEED52600028E1E /* HealthKit.framework in Frameworks */ = {isa = PBXBuildFile; fileRef = EBDA531D1EEED52600028E1E /* HealthKit.framework */; };
		EBE8FC021EFE899E00D51E18 /* Interface.storyboard in Resources */ = {isa = PBXBuildFile; fileRef = EBE8FC001EFE899E00D51E18 /* Interface.storyboard */; };
		EBE8FC041EFE899E00D51E18 /* Assets.xcassets in Resources */ = {isa = PBXBuildFile; fileRef = EBE8FC031EFE899E00D51E18 /* Assets.xcassets */; };
		EBE8FC0B1EFE899E00D51E18 /* MeditationWatch Extension.appex in Embed App Extensions */ = {isa = PBXBuildFile; fileRef = EBE8FC0A1EFE899E00D51E18 /* MeditationWatch Extension.appex */; settings = {ATTRIBUTES = (RemoveHeadersOnCopy, ); }; };
		EBE8FC121EFE899E00D51E18 /* InterfaceController.swift in Sources */ = {isa = PBXBuildFile; fileRef = EBE8FC111EFE899E00D51E18 /* InterfaceController.swift */; };
		EBE8FC141EFE899E00D51E18 /* ExtensionDelegate.swift in Sources */ = {isa = PBXBuildFile; fileRef = EBE8FC131EFE899E00D51E18 /* ExtensionDelegate.swift */; };
		EBE8FC161EFE899E00D51E18 /* NotificationController.swift in Sources */ = {isa = PBXBuildFile; fileRef = EBE8FC151EFE899E00D51E18 /* NotificationController.swift */; };
		EBE8FC181EFE899E00D51E18 /* ComplicationController.swift in Sources */ = {isa = PBXBuildFile; fileRef = EBE8FC171EFE899E00D51E18 /* ComplicationController.swift */; };
		EBE8FC1A1EFE899E00D51E18 /* Assets.xcassets in Resources */ = {isa = PBXBuildFile; fileRef = EBE8FC191EFE899E00D51E18 /* Assets.xcassets */; };
		EBE8FC1E1EFE899E00D51E18 /* MeditationWatch.app in Embed Watch Content */ = {isa = PBXBuildFile; fileRef = EBE8FBFE1EFE899E00D51E18 /* MeditationWatch.app */; };
		EBE8FC281EFE8E1500D51E18 /* WatchHeartRateMonitor.swift in Sources */ = {isa = PBXBuildFile; fileRef = EBE8FC271EFE8E1500D51E18 /* WatchHeartRateMonitor.swift */; };
		EBE9A0A71EFE98C9000E5247 /* HealthKit.framework in Frameworks */ = {isa = PBXBuildFile; fileRef = EBE9A0A61EFE98C9000E5247 /* HealthKit.framework */; };
/* End PBXBuildFile section */

/* Begin PBXContainerItemProxy section */
		EBDA52FF1EEED21E00028E1E /* PBXContainerItemProxy */ = {
			isa = PBXContainerItemProxy;
			containerPortal = EBDA52E21EEED21E00028E1E /* Project object */;
			proxyType = 1;
			remoteGlobalIDString = EBDA52E91EEED21E00028E1E;
			remoteInfo = Meditation;
		};
		EBDA530A1EEED21E00028E1E /* PBXContainerItemProxy */ = {
			isa = PBXContainerItemProxy;
			containerPortal = EBDA52E21EEED21E00028E1E /* Project object */;
			proxyType = 1;
			remoteGlobalIDString = EBDA52E91EEED21E00028E1E;
			remoteInfo = Meditation;
		};
		EBE8FC0C1EFE899E00D51E18 /* PBXContainerItemProxy */ = {
			isa = PBXContainerItemProxy;
			containerPortal = EBDA52E21EEED21E00028E1E /* Project object */;
			proxyType = 1;
			remoteGlobalIDString = EBE8FC091EFE899E00D51E18;
			remoteInfo = "MeditationWatch Extension";
		};
		EBE8FC1C1EFE899E00D51E18 /* PBXContainerItemProxy */ = {
			isa = PBXContainerItemProxy;
			containerPortal = EBDA52E21EEED21E00028E1E /* Project object */;
			proxyType = 1;
			remoteGlobalIDString = EBE8FBFD1EFE899E00D51E18;
			remoteInfo = MeditationWatch;
		};
/* End PBXContainerItemProxy section */

/* Begin PBXCopyFilesBuildPhase section */
		EBE8FC241EFE899E00D51E18 /* Embed App Extensions */ = {
			isa = PBXCopyFilesBuildPhase;
			buildActionMask = 2147483647;
			dstPath = "";
			dstSubfolderSpec = 13;
			files = (
				EBE8FC0B1EFE899E00D51E18 /* MeditationWatch Extension.appex in Embed App Extensions */,
			);
			name = "Embed App Extensions";
			runOnlyForDeploymentPostprocessing = 0;
		};
		EBE8FC261EFE899E00D51E18 /* Embed Watch Content */ = {
			isa = PBXCopyFilesBuildPhase;
			buildActionMask = 2147483647;
			dstPath = "$(CONTENTS_FOLDER_PATH)/Watch";
			dstSubfolderSpec = 16;
			files = (
				EBE8FC1E1EFE899E00D51E18 /* MeditationWatch.app in Embed Watch Content */,
			);
			name = "Embed Watch Content";
			runOnlyForDeploymentPostprocessing = 0;
		};
/* End PBXCopyFilesBuildPhase section */

/* Begin PBXFileReference section */
		02B19D5F5D2D5A87249BB7E4 /* MDMeditationChartPresenter.swift */ = {isa = PBXFileReference; includeInIndex = 1; lastKnownFileType = sourcecode.swift; name = MDMeditationChartPresenter.swift; path = ../../../../Meditation/modules/MeditationChart/Presenter/MDMeditationChartPresenter.swift; sourceTree = "<group>"; };
		07C759DD0B83ADFFC3721571 /* MDMeditationChartInitializer.swift */ = {isa = PBXFileReference; includeInIndex = 1; lastKnownFileType = sourcecode.swift; name = MDMeditationChartInitializer.swift; path = ../../../../Meditation/modules/MeditationChart/Configurator/MDMeditationChartInitializer.swift; sourceTree = "<group>"; };
		09E26AAF45E9849D121E9109 /* MDMeditationChartRouterInput.swift */ = {isa = PBXFileReference; includeInIndex = 1; lastKnownFileType = sourcecode.swift; name = MDMeditationChartRouterInput.swift; path = ../../../../Meditation/modules/MeditationChart/Router/MDMeditationChartRouterInput.swift; sourceTree = "<group>"; };
		0A45C8708835B62E13F16580 /* MDMeditationChartViewInput.swift */ = {isa = PBXFileReference; includeInIndex = 1; lastKnownFileType = sourcecode.swift; name = MDMeditationChartViewInput.swift; path = ../../../../Meditation/modules/MeditationChart/View/MDMeditationChartViewInput.swift; sourceTree = "<group>"; };
		0B23BFE66AA6B1857D3E74C4 /* Pods-MeditationTests.release.xcconfig */ = {isa = PBXFileReference; includeInIndex = 1; lastKnownFileType = text.xcconfig; name = "Pods-MeditationTests.release.xcconfig"; path = "Pods/Target Support Files/Pods-MeditationTests/Pods-MeditationTests.release.xcconfig"; sourceTree = "<group>"; };
		1133608DE766FB980242F744 /* MDMeditationsListViewController.swift */ = {isa = PBXFileReference; includeInIndex = 1; lastKnownFileType = sourcecode.swift; path = MDMeditationsListViewController.swift; sourceTree = "<group>"; };
		127E2769D7B56FEF206C57E0 /* MDMeditationChartViewOutput.swift */ = {isa = PBXFileReference; includeInIndex = 1; lastKnownFileType = sourcecode.swift; name = MDMeditationChartViewOutput.swift; path = ../../../../Meditation/modules/MeditationChart/View/MDMeditationChartViewOutput.swift; sourceTree = "<group>"; };
		19D99FCEFD0807415121C1C6 /* MDMeditationChartInteractor.swift */ = {isa = PBXFileReference; includeInIndex = 1; lastKnownFileType = sourcecode.swift; name = MDMeditationChartInteractor.swift; path = ../../../../Meditation/modules/MeditationChart/Interactor/MDMeditationChartInteractor.swift; sourceTree = "<group>"; };
		1C40D3E6CAB5E3762ABFC1CD /* MDMeditationsListViewInput.swift */ = {isa = PBXFileReference; includeInIndex = 1; lastKnownFileType = sourcecode.swift; path = MDMeditationsListViewInput.swift; sourceTree = "<group>"; };
		265C0C042EC77866A1BA3E46 /* MDMeditationChartViewController.swift */ = {isa = PBXFileReference; includeInIndex = 1; lastKnownFileType = sourcecode.swift; name = MDMeditationChartViewController.swift; path = ../../../../Meditation/modules/MeditationChart/View/MDMeditationChartViewController.swift; sourceTree = "<group>"; };
		293A14A9A41A2EA8D68E44F6 /* Pods-MeditationTests.debug.xcconfig */ = {isa = PBXFileReference; includeInIndex = 1; lastKnownFileType = text.xcconfig; name = "Pods-MeditationTests.debug.xcconfig"; path = "Pods/Target Support Files/Pods-MeditationTests/Pods-MeditationTests.debug.xcconfig"; sourceTree = "<group>"; };
		39855EF1154812BF6B7EC0C3 /* MDMeditationsListInteractorOutput.swift */ = {isa = PBXFileReference; includeInIndex = 1; lastKnownFileType = sourcecode.swift; path = MDMeditationsListInteractorOutput.swift; sourceTree = "<group>"; };
		3B5E1F12FD62B4840D8500A0 /* MDMeditationChartInteractorOutput.swift */ = {isa = PBXFileReference; includeInIndex = 1; lastKnownFileType = sourcecode.swift; name = MDMeditationChartInteractorOutput.swift; path = ../../../../Meditation/modules/MeditationChart/Interactor/MDMeditationChartInteractorOutput.swift; sourceTree = "<group>"; };
		3DB21479A094FDF9C56ADDB5 /* MDMeditationsListModuleInput.swift */ = {isa = PBXFileReference; includeInIndex = 1; lastKnownFileType = sourcecode.swift; path = MDMeditationsListModuleInput.swift; sourceTree = "<group>"; };
		46050A1C90DB3C1CC650FCA1 /* MDMeditationsListInitializer.swift */ = {isa = PBXFileReference; includeInIndex = 1; lastKnownFileType = sourcecode.swift; path = MDMeditationsListInitializer.swift; sourceTree = "<group>"; };
		5027369D082EC84755F7C1A5 /* MDMeditationsListPresenter.swift */ = {isa = PBXFileReference; includeInIndex = 1; lastKnownFileType = sourcecode.swift; path = MDMeditationsListPresenter.swift; sourceTree = "<group>"; };
		5308EC0AE580E2F86C049DC7 /* Pods_MeditationTests.framework */ = {isa = PBXFileReference; explicitFileType = wrapper.framework; includeInIndex = 0; path = Pods_MeditationTests.framework; sourceTree = BUILT_PRODUCTS_DIR; };
		75BE54E91330DAE054C4D809 /* MDMeditationsListRouterInput.swift */ = {isa = PBXFileReference; includeInIndex = 1; lastKnownFileType = sourcecode.swift; path = MDMeditationsListRouterInput.swift; sourceTree = "<group>"; };
		75EBDE1964274617702652CA /* MDMeditationsListInteractor.swift */ = {isa = PBXFileReference; includeInIndex = 1; lastKnownFileType = sourcecode.swift; path = MDMeditationsListInteractor.swift; sourceTree = "<group>"; };
		75F31A8D208AB982BC588613 /* MDMeditationChartModuleInput.swift */ = {isa = PBXFileReference; includeInIndex = 1; lastKnownFileType = sourcecode.swift; name = MDMeditationChartModuleInput.swift; path = ../../../../Meditation/modules/MeditationChart/Presenter/MDMeditationChartModuleInput.swift; sourceTree = "<group>"; };
		7E4C8A2F51AE182C9B6DDC8B /* MDMeditationChartConfigurator.swift */ = {isa = PBXFileReference; includeInIndex = 1; lastKnownFileType = sourcecode.swift; name = MDMeditationChartConfigurator.swift; path = ../../../../Meditation/modules/MeditationChart/Configurator/MDMeditationChartConfigurator.swift; sourceTree = "<group>"; };
		A3C017F91AC1718E2598EE3D /* Pods-Meditation.release.xcconfig */ = {isa = PBXFileReference; includeInIndex = 1; lastKnownFileType = text.xcconfig; name = "Pods-Meditation.release.xcconfig"; path = "Pods/Target Support Files/Pods-Meditation/Pods-Meditation.release.xcconfig"; sourceTree = "<group>"; };
		BE9BF75F4B2C905A0C65D848 /* MDMeditationChartInteractorInput.swift */ = {isa = PBXFileReference; includeInIndex = 1; lastKnownFileType = sourcecode.swift; name = MDMeditationChartInteractorInput.swift; path = ../../../../Meditation/modules/MeditationChart/Interactor/MDMeditationChartInteractorInput.swift; sourceTree = "<group>"; };
		DD6164E7E2B52D9642FC540C /* MDMeditationsListRouter.swift */ = {isa = PBXFileReference; includeInIndex = 1; lastKnownFileType = sourcecode.swift; path = MDMeditationsListRouter.swift; sourceTree = "<group>"; };
		EB72073C1EFFF2530080FE5F /* HKQueryService.swift */ = {isa = PBXFileReference; lastKnownFileType = sourcecode.swift; path = HKQueryService.swift; sourceTree = "<group>"; };
		EB7657F21F07ABF100583C8E /* FastTimeChoiceController.swift */ = {isa = PBXFileReference; fileEncoding = 4; lastKnownFileType = sourcecode.swift; path = FastTimeChoiceController.swift; sourceTree = "<group>"; };
		EB7657F41F07C74E00583C8E /* EditTimeController.swift */ = {isa = PBXFileReference; fileEncoding = 4; lastKnownFileType = sourcecode.swift; path = EditTimeController.swift; sourceTree = "<group>"; };
		EB9908C61F0003A600C4F440 /* IGListKitDataSource.swift */ = {isa = PBXFileReference; lastKnownFileType = sourcecode.swift; name = IGListKitDataSource.swift; path = Meditation/modules/MeditationsList/DataSource/IGListKitDataSource.swift; sourceTree = SOURCE_ROOT; };
		EB9908C91F00086500C4F440 /* MeditationListSectionController.swift */ = {isa = PBXFileReference; lastKnownFileType = sourcecode.swift; name = MeditationListSectionController.swift; path = Meditation/modules/MeditationsList/SectionController/MeditationListSectionController.swift; sourceTree = SOURCE_ROOT; };
		EB9908CB1F0009DF00C4F440 /* MeditationListViewCell.swift */ = {isa = PBXFileReference; lastKnownFileType = sourcecode.swift; path = MeditationListViewCell.swift; sourceTree = "<group>"; };
		EB9908CD1F0010C700C4F440 /* MeditationModelsFactory.swift */ = {isa = PBXFileReference; lastKnownFileType = sourcecode.swift; name = MeditationModelsFactory.swift; path = Meditation/modules/MeditationsList/DataSource/MeditationModelsFactory.swift; sourceTree = SOURCE_ROOT; };
		EBCCAEEF931B31FA7EBF24B6 /* MDMeditationsListInteractorInput.swift */ = {isa = PBXFileReference; includeInIndex = 1; lastKnownFileType = sourcecode.swift; path = MDMeditationsListInteractorInput.swift; sourceTree = "<group>"; };
		EBDA52EA1EEED21E00028E1E /* Meditation.app */ = {isa = PBXFileReference; explicitFileType = wrapper.application; includeInIndex = 0; path = Meditation.app; sourceTree = BUILT_PRODUCTS_DIR; };
		EBDA52ED1EEED21E00028E1E /* AppDelegate.swift */ = {isa = PBXFileReference; lastKnownFileType = sourcecode.swift; path = AppDelegate.swift; sourceTree = "<group>"; };
		EBDA52F21EEED21E00028E1E /* Base */ = {isa = PBXFileReference; lastKnownFileType = file.storyboard; name = Base; path = Base.lproj/Main.storyboard; sourceTree = "<group>"; };
		EBDA52F41EEED21E00028E1E /* Assets.xcassets */ = {isa = PBXFileReference; lastKnownFileType = folder.assetcatalog; path = Assets.xcassets; sourceTree = "<group>"; };
		EBDA52F71EEED21E00028E1E /* Base */ = {isa = PBXFileReference; lastKnownFileType = file.storyboard; name = Base; path = Base.lproj/LaunchScreen.storyboard; sourceTree = "<group>"; };
		EBDA52F91EEED21E00028E1E /* Info.plist */ = {isa = PBXFileReference; lastKnownFileType = text.plist.xml; path = Info.plist; sourceTree = "<group>"; };
		EBDA52FE1EEED21E00028E1E /* MeditationTests.xctest */ = {isa = PBXFileReference; explicitFileType = wrapper.cfbundle; includeInIndex = 0; path = MeditationTests.xctest; sourceTree = BUILT_PRODUCTS_DIR; };
		EBDA53021EEED21E00028E1E /* MeditationTests.swift */ = {isa = PBXFileReference; lastKnownFileType = sourcecode.swift; path = MeditationTests.swift; sourceTree = "<group>"; };
		EBDA53041EEED21E00028E1E /* Info.plist */ = {isa = PBXFileReference; lastKnownFileType = text.plist.xml; path = Info.plist; sourceTree = "<group>"; };
		EBDA53091EEED21E00028E1E /* MeditationUITests.xctest */ = {isa = PBXFileReference; explicitFileType = wrapper.cfbundle; includeInIndex = 0; path = MeditationUITests.xctest; sourceTree = BUILT_PRODUCTS_DIR; };
		EBDA530D1EEED21E00028E1E /* MeditationUITests.swift */ = {isa = PBXFileReference; lastKnownFileType = sourcecode.swift; path = MeditationUITests.swift; sourceTree = "<group>"; };
		EBDA530F1EEED21E00028E1E /* Info.plist */ = {isa = PBXFileReference; lastKnownFileType = text.plist.xml; path = Info.plist; sourceTree = "<group>"; };
		EBDA531B1EEED52500028E1E /* Meditation.entitlements */ = {isa = PBXFileReference; lastKnownFileType = text.plist.entitlements; path = Meditation.entitlements; sourceTree = "<group>"; };
		EBDA531D1EEED52600028E1E /* HealthKit.framework */ = {isa = PBXFileReference; lastKnownFileType = wrapper.framework; name = HealthKit.framework; path = System/Library/Frameworks/HealthKit.framework; sourceTree = SDKROOT; };
		EBE8FBFE1EFE899E00D51E18 /* MeditationWatch.app */ = {isa = PBXFileReference; explicitFileType = wrapper.application; includeInIndex = 0; path = MeditationWatch.app; sourceTree = BUILT_PRODUCTS_DIR; };
		EBE8FC011EFE899E00D51E18 /* Base */ = {isa = PBXFileReference; lastKnownFileType = file.storyboard; name = Base; path = Base.lproj/Interface.storyboard; sourceTree = "<group>"; };
		EBE8FC031EFE899E00D51E18 /* Assets.xcassets */ = {isa = PBXFileReference; lastKnownFileType = folder.assetcatalog; path = Assets.xcassets; sourceTree = "<group>"; };
		EBE8FC051EFE899E00D51E18 /* Info.plist */ = {isa = PBXFileReference; lastKnownFileType = text.plist.xml; path = Info.plist; sourceTree = "<group>"; };
		EBE8FC0A1EFE899E00D51E18 /* MeditationWatch Extension.appex */ = {isa = PBXFileReference; explicitFileType = "wrapper.app-extension"; includeInIndex = 0; path = "MeditationWatch Extension.appex"; sourceTree = BUILT_PRODUCTS_DIR; };
		EBE8FC101EFE899E00D51E18 /* PushNotificationPayload.apns */ = {isa = PBXFileReference; lastKnownFileType = text; path = PushNotificationPayload.apns; sourceTree = "<group>"; };
		EBE8FC111EFE899E00D51E18 /* InterfaceController.swift */ = {isa = PBXFileReference; lastKnownFileType = sourcecode.swift; path = InterfaceController.swift; sourceTree = "<group>"; };
		EBE8FC131EFE899E00D51E18 /* ExtensionDelegate.swift */ = {isa = PBXFileReference; lastKnownFileType = sourcecode.swift; path = ExtensionDelegate.swift; sourceTree = "<group>"; };
		EBE8FC151EFE899E00D51E18 /* NotificationController.swift */ = {isa = PBXFileReference; lastKnownFileType = sourcecode.swift; path = NotificationController.swift; sourceTree = "<group>"; };
		EBE8FC171EFE899E00D51E18 /* ComplicationController.swift */ = {isa = PBXFileReference; lastKnownFileType = sourcecode.swift; path = ComplicationController.swift; sourceTree = "<group>"; };
		EBE8FC191EFE899E00D51E18 /* Assets.xcassets */ = {isa = PBXFileReference; lastKnownFileType = folder.assetcatalog; path = Assets.xcassets; sourceTree = "<group>"; };
		EBE8FC1B1EFE899E00D51E18 /* Info.plist */ = {isa = PBXFileReference; lastKnownFileType = text.plist.xml; path = Info.plist; sourceTree = "<group>"; };
		EBE8FC271EFE8E1500D51E18 /* WatchHeartRateMonitor.swift */ = {isa = PBXFileReference; fileEncoding = 4; lastKnownFileType = sourcecode.swift; path = WatchHeartRateMonitor.swift; sourceTree = "<group>"; };
		EBE8FC2D1EFE931300D51E18 /* MeditationWatch.entitlements */ = {isa = PBXFileReference; lastKnownFileType = text.plist.entitlements; path = MeditationWatch.entitlements; sourceTree = "<group>"; };
		EBE9A0A51EFE98C9000E5247 /* MeditationWatch Extension.entitlements */ = {isa = PBXFileReference; lastKnownFileType = text.plist.entitlements; path = "MeditationWatch Extension.entitlements"; sourceTree = "<group>"; };
		EBE9A0A61EFE98C9000E5247 /* HealthKit.framework */ = {isa = PBXFileReference; lastKnownFileType = wrapper.framework; name = HealthKit.framework; path = Platforms/WatchOS.platform/Developer/SDKs/WatchOS4.0.sdk/System/Library/Frameworks/HealthKit.framework; sourceTree = DEVELOPER_DIR; };
		EC0D0F6FB04EBEBE63198125 /* MDMeditationsListViewOutput.swift */ = {isa = PBXFileReference; includeInIndex = 1; lastKnownFileType = sourcecode.swift; path = MDMeditationsListViewOutput.swift; sourceTree = "<group>"; };
		EDF8CBC7B28F79367AEF9F69 /* MDMeditationChartRouter.swift */ = {isa = PBXFileReference; includeInIndex = 1; lastKnownFileType = sourcecode.swift; name = MDMeditationChartRouter.swift; path = ../../../../Meditation/modules/MeditationChart/Router/MDMeditationChartRouter.swift; sourceTree = "<group>"; };
		EFDB0A5C98C68F43E4051847 /* Pods-Meditation.debug.xcconfig */ = {isa = PBXFileReference; includeInIndex = 1; lastKnownFileType = text.xcconfig; name = "Pods-Meditation.debug.xcconfig"; path = "Pods/Target Support Files/Pods-Meditation/Pods-Meditation.debug.xcconfig"; sourceTree = "<group>"; };
		F4F8CAC32A1F184D91B68A5C /* MDMeditationsListConfigurator.swift */ = {isa = PBXFileReference; includeInIndex = 1; lastKnownFileType = sourcecode.swift; path = MDMeditationsListConfigurator.swift; sourceTree = "<group>"; };
		F72C40F15F32E64697D8E174 /* Pods_Meditation.framework */ = {isa = PBXFileReference; explicitFileType = wrapper.framework; includeInIndex = 0; path = Pods_Meditation.framework; sourceTree = BUILT_PRODUCTS_DIR; };
/* End PBXFileReference section */

/* Begin PBXFrameworksBuildPhase section */
		EBDA52E71EEED21E00028E1E /* Frameworks */ = {
			isa = PBXFrameworksBuildPhase;
			buildActionMask = 2147483647;
			files = (
				EBDA531E1EEED52600028E1E /* HealthKit.framework in Frameworks */,
				7DC0752E0AF421D1A74AA392 /* Pods_Meditation.framework in Frameworks */,
			);
			runOnlyForDeploymentPostprocessing = 0;
		};
		EBDA52FB1EEED21E00028E1E /* Frameworks */ = {
			isa = PBXFrameworksBuildPhase;
			buildActionMask = 2147483647;
			files = (
				9563FD2C614CFBE8C6B82583 /* Pods_MeditationTests.framework in Frameworks */,
			);
			runOnlyForDeploymentPostprocessing = 0;
		};
		EBDA53061EEED21E00028E1E /* Frameworks */ = {
			isa = PBXFrameworksBuildPhase;
			buildActionMask = 2147483647;
			files = (
			);
			runOnlyForDeploymentPostprocessing = 0;
		};
		EBE8FC071EFE899E00D51E18 /* Frameworks */ = {
			isa = PBXFrameworksBuildPhase;
			buildActionMask = 2147483647;
			files = (
				EBE9A0A71EFE98C9000E5247 /* HealthKit.framework in Frameworks */,
			);
			runOnlyForDeploymentPostprocessing = 0;
		};
		EBE8FC2B1EFE906C00D51E18 /* Frameworks */ = {
			isa = PBXFrameworksBuildPhase;
			buildActionMask = 2147483647;
			files = (
			);
			runOnlyForDeploymentPostprocessing = 0;
		};
/* End PBXFrameworksBuildPhase section */

/* Begin PBXGroup section */
		177B5DA4CA06F7B70387FAF6 /* Interactor */ = {
			isa = PBXGroup;
			children = (
				EBCCAEEF931B31FA7EBF24B6 /* MDMeditationsListInteractorInput.swift */,
				39855EF1154812BF6B7EC0C3 /* MDMeditationsListInteractorOutput.swift */,
				75EBDE1964274617702652CA /* MDMeditationsListInteractor.swift */,
			);
			path = Interactor;
			sourceTree = "<group>";
		};
		19707A908FC75AC3BBFF6BCD /* MeditationChart */ = {
			isa = PBXGroup;
			children = (
				560C44274446003DF89F4A33 /* View */,
				272ADB38EECB285F0E278CB9 /* Presenter */,
				7AB3454F3BF3D4C415B40523 /* Interactor */,
				589BFB70EE7D3CB24F6DB8EB /* Router */,
				76D131A66D50A1237D075123 /* Configurator */,
			);
			path = MeditationChart;
			sourceTree = "<group>";
		};
		272ADB38EECB285F0E278CB9 /* Presenter */ = {
			isa = PBXGroup;
			children = (
				75F31A8D208AB982BC588613 /* MDMeditationChartModuleInput.swift */,
				02B19D5F5D2D5A87249BB7E4 /* MDMeditationChartPresenter.swift */,
			);
			path = Presenter;
			sourceTree = "<group>";
		};
		5498D1ECD83C69A7C90ECB17 /* Configurator */ = {
			isa = PBXGroup;
			children = (
				F4F8CAC32A1F184D91B68A5C /* MDMeditationsListConfigurator.swift */,
				46050A1C90DB3C1CC650FCA1 /* MDMeditationsListInitializer.swift */,
			);
			path = Configurator;
			sourceTree = "<group>";
		};
		560C44274446003DF89F4A33 /* View */ = {
			isa = PBXGroup;
			children = (
				0A45C8708835B62E13F16580 /* MDMeditationChartViewInput.swift */,
				127E2769D7B56FEF206C57E0 /* MDMeditationChartViewOutput.swift */,
				265C0C042EC77866A1BA3E46 /* MDMeditationChartViewController.swift */,
			);
			path = View;
			sourceTree = "<group>";
		};
		589BFB70EE7D3CB24F6DB8EB /* Router */ = {
			isa = PBXGroup;
			children = (
				09E26AAF45E9849D121E9109 /* MDMeditationChartRouterInput.swift */,
				EDF8CBC7B28F79367AEF9F69 /* MDMeditationChartRouter.swift */,
			);
			path = Router;
			sourceTree = "<group>";
		};
		671FABD60ECC692BAD8606BA /* Presenter */ = {
			isa = PBXGroup;
			children = (
				3DB21479A094FDF9C56ADDB5 /* MDMeditationsListModuleInput.swift */,
				5027369D082EC84755F7C1A5 /* MDMeditationsListPresenter.swift */,
			);
			path = Presenter;
			sourceTree = "<group>";
		};
		678C24BA35781B1DDC8D8B29 /* modules */ = {
			isa = PBXGroup;
			children = (
				B7D2EE9E95AB9B33BA32E1B3 /* MeditationsList */,
				19707A908FC75AC3BBFF6BCD /* MeditationChart */,
			);
			name = modules;
			path = ../meditation/modules;
			sourceTree = "<group>";
		};
		76D131A66D50A1237D075123 /* Configurator */ = {
			isa = PBXGroup;
			children = (
				7E4C8A2F51AE182C9B6DDC8B /* MDMeditationChartConfigurator.swift */,
				07C759DD0B83ADFFC3721571 /* MDMeditationChartInitializer.swift */,
			);
			path = Configurator;
			sourceTree = "<group>";
		};
		7AB3454F3BF3D4C415B40523 /* Interactor */ = {
			isa = PBXGroup;
			children = (
				BE9BF75F4B2C905A0C65D848 /* MDMeditationChartInteractorInput.swift */,
				3B5E1F12FD62B4840D8500A0 /* MDMeditationChartInteractorOutput.swift */,
				19D99FCEFD0807415121C1C6 /* MDMeditationChartInteractor.swift */,
			);
			path = Interactor;
			sourceTree = "<group>";
		};
		B3DC90363D1CD7EEEBCDB720 /* Pods */ = {
			isa = PBXGroup;
			children = (
				EFDB0A5C98C68F43E4051847 /* Pods-Meditation.debug.xcconfig */,
				A3C017F91AC1718E2598EE3D /* Pods-Meditation.release.xcconfig */,
				293A14A9A41A2EA8D68E44F6 /* Pods-MeditationTests.debug.xcconfig */,
				0B23BFE66AA6B1857D3E74C4 /* Pods-MeditationTests.release.xcconfig */,
			);
			name = Pods;
			sourceTree = "<group>";
		};
		B7D2EE9E95AB9B33BA32E1B3 /* MeditationsList */ = {
			isa = PBXGroup;
			children = (
				EB9908C81F00084500C4F440 /* SectionController */,
				EB9908C51F00038A00C4F440 /* DataSource */,
				C2E808FD7A7F6B80D3859ED5 /* View */,
				671FABD60ECC692BAD8606BA /* Presenter */,
				177B5DA4CA06F7B70387FAF6 /* Interactor */,
				FA92B0E6FC9D281D5EE1EAD9 /* Router */,
				5498D1ECD83C69A7C90ECB17 /* Configurator */,
			);
			path = MeditationsList;
			sourceTree = "<group>";
		};
		C2E808FD7A7F6B80D3859ED5 /* View */ = {
			isa = PBXGroup;
			children = (
				1C40D3E6CAB5E3762ABFC1CD /* MDMeditationsListViewInput.swift */,
				EC0D0F6FB04EBEBE63198125 /* MDMeditationsListViewOutput.swift */,
				1133608DE766FB980242F744 /* MDMeditationsListViewController.swift */,
			);
			path = View;
			sourceTree = "<group>";
		};
		EB72073B1EFFF2320080FE5F /* Services */ = {
			isa = PBXGroup;
			children = (
				EB72073C1EFFF2530080FE5F /* HKQueryService.swift */,
			);
			path = Services;
			sourceTree = "<group>";
		};
		EB9908C51F00038A00C4F440 /* DataSource */ = {
			isa = PBXGroup;
			children = (
				EB9908C61F0003A600C4F440 /* IGListKitDataSource.swift */,
				EB9908CD1F0010C700C4F440 /* MeditationModelsFactory.swift */,
			);
			path = DataSource;
			sourceTree = "<group>";
		};
		EB9908C81F00084500C4F440 /* SectionController */ = {
			isa = PBXGroup;
			children = (
				EB9908C91F00086500C4F440 /* MeditationListSectionController.swift */,
				EB9908CB1F0009DF00C4F440 /* MeditationListViewCell.swift */,
			);
			path = SectionController;
			sourceTree = "<group>";
		};
		EBDA52E11EEED21E00028E1E = {
			isa = PBXGroup;
			children = (
				EBDA52EC1EEED21E00028E1E /* Meditation */,
				EBDA53011EEED21E00028E1E /* MeditationTests */,
				EBDA530C1EEED21E00028E1E /* MeditationUITests */,
				EBE8FBFF1EFE899E00D51E18 /* MeditationWatch */,
				EBE8FC0E1EFE899E00D51E18 /* MeditationWatch Extension */,
				EBDA52EB1EEED21E00028E1E /* Products */,
				EBDA531C1EEED52600028E1E /* Frameworks */,
				B3DC90363D1CD7EEEBCDB720 /* Pods */,
			);
			sourceTree = "<group>";
		};
		EBDA52EB1EEED21E00028E1E /* Products */ = {
			isa = PBXGroup;
			children = (
				EBDA52EA1EEED21E00028E1E /* Meditation.app */,
				EBDA52FE1EEED21E00028E1E /* MeditationTests.xctest */,
				EBDA53091EEED21E00028E1E /* MeditationUITests.xctest */,
				EBE8FBFE1EFE899E00D51E18 /* MeditationWatch.app */,
				EBE8FC0A1EFE899E00D51E18 /* MeditationWatch Extension.appex */,
			);
			name = Products;
			sourceTree = "<group>";
		};
		EBDA52EC1EEED21E00028E1E /* Meditation */ = {
			isa = PBXGroup;
			children = (
				EB72073B1EFFF2320080FE5F /* Services */,
				EBDA531B1EEED52500028E1E /* Meditation.entitlements */,
				EBDA52ED1EEED21E00028E1E /* AppDelegate.swift */,
				EBDA52F11EEED21E00028E1E /* Main.storyboard */,
				EBDA52F41EEED21E00028E1E /* Assets.xcassets */,
				EBDA52F61EEED21E00028E1E /* LaunchScreen.storyboard */,
				678C24BA35781B1DDC8D8B29 /* modules */,
				EBDA52F91EEED21E00028E1E /* Info.plist */,
			);
			path = Meditation;
			sourceTree = "<group>";
		};
		EBDA53011EEED21E00028E1E /* MeditationTests */ = {
			isa = PBXGroup;
			children = (
				EBDA53021EEED21E00028E1E /* MeditationTests.swift */,
				EBDA53041EEED21E00028E1E /* Info.plist */,
			);
			path = MeditationTests;
			sourceTree = "<group>";
		};
		EBDA530C1EEED21E00028E1E /* MeditationUITests */ = {
			isa = PBXGroup;
			children = (
				EBDA530D1EEED21E00028E1E /* MeditationUITests.swift */,
				EBDA530F1EEED21E00028E1E /* Info.plist */,
			);
			path = MeditationUITests;
			sourceTree = "<group>";
		};
		EBDA531C1EEED52600028E1E /* Frameworks */ = {
			isa = PBXGroup;
			children = (
				EBE9A0A61EFE98C9000E5247 /* HealthKit.framework */,
				EBDA531D1EEED52600028E1E /* HealthKit.framework */,
				F72C40F15F32E64697D8E174 /* Pods_Meditation.framework */,
				5308EC0AE580E2F86C049DC7 /* Pods_MeditationTests.framework */,
			);
			name = Frameworks;
			sourceTree = "<group>";
		};
		EBE8FBFF1EFE899E00D51E18 /* MeditationWatch */ = {
			isa = PBXGroup;
			children = (
				EBE8FC2D1EFE931300D51E18 /* MeditationWatch.entitlements */,
				EBE8FC001EFE899E00D51E18 /* Interface.storyboard */,
				EBE8FC031EFE899E00D51E18 /* Assets.xcassets */,
				EBE8FC051EFE899E00D51E18 /* Info.plist */,
			);
			path = MeditationWatch;
			sourceTree = "<group>";
		};
		EBE8FC0E1EFE899E00D51E18 /* MeditationWatch Extension */ = {
			isa = PBXGroup;
			children = (
				EBE9A0A51EFE98C9000E5247 /* MeditationWatch Extension.entitlements */,
				EB7657F21F07ABF100583C8E /* FastTimeChoiceController.swift */,
				EB7657F41F07C74E00583C8E /* EditTimeController.swift */,
				EBE8FC111EFE899E00D51E18 /* InterfaceController.swift */,
				EBE8FC131EFE899E00D51E18 /* ExtensionDelegate.swift */,
				EBE8FC151EFE899E00D51E18 /* NotificationController.swift */,
				EBE8FC171EFE899E00D51E18 /* ComplicationController.swift */,
				EBE8FC271EFE8E1500D51E18 /* WatchHeartRateMonitor.swift */,
				EBE8FC191EFE899E00D51E18 /* Assets.xcassets */,
				EBE8FC1B1EFE899E00D51E18 /* Info.plist */,
				EBE8FC0F1EFE899E00D51E18 /* Supporting Files */,
			);
			path = "MeditationWatch Extension";
			sourceTree = "<group>";
		};
		EBE8FC0F1EFE899E00D51E18 /* Supporting Files */ = {
			isa = PBXGroup;
			children = (
				EBE8FC101EFE899E00D51E18 /* PushNotificationPayload.apns */,
			);
			name = "Supporting Files";
			sourceTree = "<group>";
		};
		FA92B0E6FC9D281D5EE1EAD9 /* Router */ = {
			isa = PBXGroup;
			children = (
				75BE54E91330DAE054C4D809 /* MDMeditationsListRouterInput.swift */,
				DD6164E7E2B52D9642FC540C /* MDMeditationsListRouter.swift */,
			);
			path = Router;
			sourceTree = "<group>";
		};
/* End PBXGroup section */

/* Begin PBXNativeTarget section */
		EBDA52E91EEED21E00028E1E /* Meditation */ = {
			isa = PBXNativeTarget;
			buildConfigurationList = EBDA53121EEED21E00028E1E /* Build configuration list for PBXNativeTarget "Meditation" */;
			buildPhases = (
				62C26B89B1039A3792193FBC /* [CP] Check Pods Manifest.lock */,
				EBDA52E61EEED21E00028E1E /* Sources */,
				EBDA52E71EEED21E00028E1E /* Frameworks */,
				EBDA52E81EEED21E00028E1E /* Resources */,
				EBE8FC261EFE899E00D51E18 /* Embed Watch Content */,
				794BFF835E4ADFC8C6BFAF65 /* [CP] Embed Pods Frameworks */,
				ACDC2FB746B59EFD78592960 /* [CP] Copy Pods Resources */,
			);
			buildRules = (
			);
			dependencies = (
				EBE8FC1D1EFE899E00D51E18 /* PBXTargetDependency */,
			);
			name = Meditation;
			productName = Meditation;
			productReference = EBDA52EA1EEED21E00028E1E /* Meditation.app */;
			productType = "com.apple.product-type.application";
		};
		EBDA52FD1EEED21E00028E1E /* MeditationTests */ = {
			isa = PBXNativeTarget;
			buildConfigurationList = EBDA53151EEED21E00028E1E /* Build configuration list for PBXNativeTarget "MeditationTests" */;
			buildPhases = (
				9A1621294FCBB187F3FE9A2E /* [CP] Check Pods Manifest.lock */,
				EBDA52FA1EEED21E00028E1E /* Sources */,
				EBDA52FB1EEED21E00028E1E /* Frameworks */,
				EBDA52FC1EEED21E00028E1E /* Resources */,
				9C0A46FE0D8DE048AECB35FD /* [CP] Embed Pods Frameworks */,
				3D75FE521779D0C86242EB79 /* [CP] Copy Pods Resources */,
			);
			buildRules = (
			);
			dependencies = (
				EBDA53001EEED21E00028E1E /* PBXTargetDependency */,
			);
			name = MeditationTests;
			productName = MeditationTests;
			productReference = EBDA52FE1EEED21E00028E1E /* MeditationTests.xctest */;
			productType = "com.apple.product-type.bundle.unit-test";
		};
		EBDA53081EEED21E00028E1E /* MeditationUITests */ = {
			isa = PBXNativeTarget;
			buildConfigurationList = EBDA53181EEED21E00028E1E /* Build configuration list for PBXNativeTarget "MeditationUITests" */;
			buildPhases = (
				EBDA53051EEED21E00028E1E /* Sources */,
				EBDA53061EEED21E00028E1E /* Frameworks */,
				EBDA53071EEED21E00028E1E /* Resources */,
			);
			buildRules = (
			);
			dependencies = (
				EBDA530B1EEED21E00028E1E /* PBXTargetDependency */,
			);
			name = MeditationUITests;
			productName = MeditationUITests;
			productReference = EBDA53091EEED21E00028E1E /* MeditationUITests.xctest */;
			productType = "com.apple.product-type.bundle.ui-testing";
		};
		EBE8FBFD1EFE899E00D51E18 /* MeditationWatch */ = {
			isa = PBXNativeTarget;
			buildConfigurationList = EBE8FC251EFE899E00D51E18 /* Build configuration list for PBXNativeTarget "MeditationWatch" */;
			buildPhases = (
				EBE8FBFC1EFE899E00D51E18 /* Resources */,
				EBE8FC241EFE899E00D51E18 /* Embed App Extensions */,
				EBE8FC2B1EFE906C00D51E18 /* Frameworks */,
			);
			buildRules = (
			);
			dependencies = (
				EBE8FC0D1EFE899E00D51E18 /* PBXTargetDependency */,
			);
			name = MeditationWatch;
			productName = MeditationWatch;
			productReference = EBE8FBFE1EFE899E00D51E18 /* MeditationWatch.app */;
			productType = "com.apple.product-type.application.watchapp2";
		};
		EBE8FC091EFE899E00D51E18 /* MeditationWatch Extension */ = {
			isa = PBXNativeTarget;
			buildConfigurationList = EBE8FC231EFE899E00D51E18 /* Build configuration list for PBXNativeTarget "MeditationWatch Extension" */;
			buildPhases = (
				EBE8FC061EFE899E00D51E18 /* Sources */,
				EBE8FC071EFE899E00D51E18 /* Frameworks */,
				EBE8FC081EFE899E00D51E18 /* Resources */,
			);
			buildRules = (
			);
			dependencies = (
			);
			name = "MeditationWatch Extension";
			productName = "MeditationWatch Extension";
			productReference = EBE8FC0A1EFE899E00D51E18 /* MeditationWatch Extension.appex */;
			productType = "com.apple.product-type.watchkit2-extension";
		};
/* End PBXNativeTarget section */

/* Begin PBXProject section */
		EBDA52E21EEED21E00028E1E /* Project object */ = {
			isa = PBXProject;
			attributes = {
				LastSwiftUpdateCheck = 0830;
				LastUpgradeCheck = 0900;
				ORGANIZATIONNAME = MadMag;
				TargetAttributes = {
					EBDA52E91EEED21E00028E1E = {
						CreatedOnToolsVersion = 9.0;
						SystemCapabilities = {
							com.apple.ApplicationGroups.iOS = {
								enabled = 1;
							};
							com.apple.HealthKit = {
								enabled = 1;
							};
						};
					};
					EBDA52FD1EEED21E00028E1E = {
						CreatedOnToolsVersion = 9.0;
						TestTargetID = EBDA52E91EEED21E00028E1E;
					};
					EBDA53081EEED21E00028E1E = {
						CreatedOnToolsVersion = 9.0;
						TestTargetID = EBDA52E91EEED21E00028E1E;
					};
					EBE8FBFD1EFE899E00D51E18 = {
						CreatedOnToolsVersion = 8.3.3;
						ProvisioningStyle = Automatic;
						SystemCapabilities = {
							com.apple.ApplicationGroups.iOS = {
								enabled = 1;
							};
							com.apple.BackgroundModes.watchos.app = {
								enabled = 1;
							};
						};
					};
					EBE8FC091EFE899E00D51E18 = {
						CreatedOnToolsVersion = 8.3.3;
						ProvisioningStyle = Automatic;
						SystemCapabilities = {
							com.apple.ApplicationGroups.iOS = {
								enabled = 1;
							};
							com.apple.BackgroundModes.watchos.extension = {
								enabled = 1;
							};
							com.apple.HealthKit.watchos = {
								enabled = 1;
							};
						};
					};
				};
			};
			buildConfigurationList = EBDA52E51EEED21E00028E1E /* Build configuration list for PBXProject "Meditation" */;
			compatibilityVersion = "Xcode 8.0";
			developmentRegion = en;
			hasScannedForEncodings = 0;
			knownRegions = (
				en,
				Base,
			);
			mainGroup = EBDA52E11EEED21E00028E1E;
			productRefGroup = EBDA52EB1EEED21E00028E1E /* Products */;
			projectDirPath = "";
			projectRoot = "";
			targets = (
				EBDA52E91EEED21E00028E1E /* Meditation */,
				EBDA52FD1EEED21E00028E1E /* MeditationTests */,
				EBDA53081EEED21E00028E1E /* MeditationUITests */,
				EBE8FBFD1EFE899E00D51E18 /* MeditationWatch */,
				EBE8FC091EFE899E00D51E18 /* MeditationWatch Extension */,
			);
		};
/* End PBXProject section */

/* Begin PBXResourcesBuildPhase section */
		EBDA52E81EEED21E00028E1E /* Resources */ = {
			isa = PBXResourcesBuildPhase;
			buildActionMask = 2147483647;
			files = (
				EBDA52F81EEED21E00028E1E /* LaunchScreen.storyboard in Resources */,
				EBDA52F51EEED21E00028E1E /* Assets.xcassets in Resources */,
				EBDA52F31EEED21E00028E1E /* Main.storyboard in Resources */,
			);
			runOnlyForDeploymentPostprocessing = 0;
		};
		EBDA52FC1EEED21E00028E1E /* Resources */ = {
			isa = PBXResourcesBuildPhase;
			buildActionMask = 2147483647;
			files = (
			);
			runOnlyForDeploymentPostprocessing = 0;
		};
		EBDA53071EEED21E00028E1E /* Resources */ = {
			isa = PBXResourcesBuildPhase;
			buildActionMask = 2147483647;
			files = (
			);
			runOnlyForDeploymentPostprocessing = 0;
		};
		EBE8FBFC1EFE899E00D51E18 /* Resources */ = {
			isa = PBXResourcesBuildPhase;
			buildActionMask = 2147483647;
			files = (
				EBE8FC041EFE899E00D51E18 /* Assets.xcassets in Resources */,
				EBE8FC021EFE899E00D51E18 /* Interface.storyboard in Resources */,
			);
			runOnlyForDeploymentPostprocessing = 0;
		};
		EBE8FC081EFE899E00D51E18 /* Resources */ = {
			isa = PBXResourcesBuildPhase;
			buildActionMask = 2147483647;
			files = (
				EBE8FC1A1EFE899E00D51E18 /* Assets.xcassets in Resources */,
			);
			runOnlyForDeploymentPostprocessing = 0;
		};
/* End PBXResourcesBuildPhase section */

/* Begin PBXShellScriptBuildPhase section */
		3D75FE521779D0C86242EB79 /* [CP] Copy Pods Resources */ = {
			isa = PBXShellScriptBuildPhase;
			buildActionMask = 2147483647;
			files = (
			);
			inputPaths = (
			);
			name = "[CP] Copy Pods Resources";
			outputPaths = (
			);
			runOnlyForDeploymentPostprocessing = 0;
			shellPath = /bin/sh;
			shellScript = "\"${SRCROOT}/Pods/Target Support Files/Pods-MeditationTests/Pods-MeditationTests-resources.sh\"\n";
			showEnvVarsInLog = 0;
		};
		62C26B89B1039A3792193FBC /* [CP] Check Pods Manifest.lock */ = {
			isa = PBXShellScriptBuildPhase;
			buildActionMask = 2147483647;
			files = (
			);
			inputPaths = (
			);
			name = "[CP] Check Pods Manifest.lock";
			outputPaths = (
			);
			runOnlyForDeploymentPostprocessing = 0;
			shellPath = /bin/sh;
			shellScript = "diff \"${PODS_PODFILE_DIR_PATH}/Podfile.lock\" \"${PODS_ROOT}/Manifest.lock\" > /dev/null\nif [ $? != 0 ] ; then\n    # print error to STDERR\n    echo \"error: The sandbox is not in sync with the Podfile.lock. Run 'pod install' or update your CocoaPods installation.\" >&2\n    exit 1\nfi\n";
			showEnvVarsInLog = 0;
		};
		794BFF835E4ADFC8C6BFAF65 /* [CP] Embed Pods Frameworks */ = {
			isa = PBXShellScriptBuildPhase;
			buildActionMask = 2147483647;
			files = (
			);
			inputPaths = (
			);
			name = "[CP] Embed Pods Frameworks";
			outputPaths = (
			);
			runOnlyForDeploymentPostprocessing = 0;
			shellPath = /bin/sh;
			shellScript = "\"${SRCROOT}/Pods/Target Support Files/Pods-Meditation/Pods-Meditation-frameworks.sh\"\n";
			showEnvVarsInLog = 0;
		};
		9A1621294FCBB187F3FE9A2E /* [CP] Check Pods Manifest.lock */ = {
			isa = PBXShellScriptBuildPhase;
			buildActionMask = 2147483647;
			files = (
			);
			inputPaths = (
			);
			name = "[CP] Check Pods Manifest.lock";
			outputPaths = (
			);
			runOnlyForDeploymentPostprocessing = 0;
			shellPath = /bin/sh;
			shellScript = "diff \"${PODS_PODFILE_DIR_PATH}/Podfile.lock\" \"${PODS_ROOT}/Manifest.lock\" > /dev/null\nif [ $? != 0 ] ; then\n    # print error to STDERR\n    echo \"error: The sandbox is not in sync with the Podfile.lock. Run 'pod install' or update your CocoaPods installation.\" >&2\n    exit 1\nfi\n";
			showEnvVarsInLog = 0;
		};
		9C0A46FE0D8DE048AECB35FD /* [CP] Embed Pods Frameworks */ = {
			isa = PBXShellScriptBuildPhase;
			buildActionMask = 2147483647;
			files = (
			);
			inputPaths = (
			);
			name = "[CP] Embed Pods Frameworks";
			outputPaths = (
			);
			runOnlyForDeploymentPostprocessing = 0;
			shellPath = /bin/sh;
			shellScript = "\"${SRCROOT}/Pods/Target Support Files/Pods-MeditationTests/Pods-MeditationTests-frameworks.sh\"\n";
			showEnvVarsInLog = 0;
		};
		ACDC2FB746B59EFD78592960 /* [CP] Copy Pods Resources */ = {
			isa = PBXShellScriptBuildPhase;
			buildActionMask = 2147483647;
			files = (
			);
			inputPaths = (
			);
			name = "[CP] Copy Pods Resources";
			outputPaths = (
			);
			runOnlyForDeploymentPostprocessing = 0;
			shellPath = /bin/sh;
			shellScript = "\"${SRCROOT}/Pods/Target Support Files/Pods-Meditation/Pods-Meditation-resources.sh\"\n";
			showEnvVarsInLog = 0;
		};
/* End PBXShellScriptBuildPhase section */

/* Begin PBXSourcesBuildPhase section */
		EBDA52E61EEED21E00028E1E /* Sources */ = {
			isa = PBXSourcesBuildPhase;
			buildActionMask = 2147483647;
			files = (
				EBDA52EE1EEED21E00028E1E /* AppDelegate.swift in Sources */,
				2339BF0DEF58EC8AE2556AA9 /* MDMeditationsListViewInput.swift in Sources */,
				3A6468B1D5AADBE6C30C6B23 /* MDMeditationsListViewOutput.swift in Sources */,
				356139A2893337C7512F6606 /* MDMeditationsListViewController.swift in Sources */,
				8DA88BEEBC34044B1322348A /* MDMeditationsListModuleInput.swift in Sources */,
				EB9908C71F0003A600C4F440 /* IGListKitDataSource.swift in Sources */,
				EB9908CE1F0010C700C4F440 /* MeditationModelsFactory.swift in Sources */,
				7F5E9787B74A3F0EB15F834A /* MDMeditationsListPresenter.swift in Sources */,
				0518CA35CA9FFCF2B8EBCCC7 /* MDMeditationsListInteractorInput.swift in Sources */,
				12C2700BC8072B0E27DA5BC6 /* MDMeditationsListInteractorOutput.swift in Sources */,
				E18501CACB062452CF02EFB0 /* MDMeditationsListInteractor.swift in Sources */,
				21E47AD9DD1386E757CF64F3 /* MDMeditationsListRouterInput.swift in Sources */,
				EB9908CA1F00086500C4F440 /* MeditationListSectionController.swift in Sources */,
				7F9DCDBD4D804E4AF6D4E821 /* MDMeditationsListRouter.swift in Sources */,
				0E37CEFB26D57CD0C074D7D5 /* MDMeditationsListConfigurator.swift in Sources */,
				9EB02687EDBECFA94E93BCB4 /* MDMeditationsListInitializer.swift in Sources */,
				98A373FD0ACE83AE08B4492E /* MDMeditationChartViewInput.swift in Sources */,
				7E321DC5AE3A6FBA9AA2C3AD /* MDMeditationChartViewOutput.swift in Sources */,
				AA1B8D110FCFB9E32035CBF0 /* MDMeditationChartViewController.swift in Sources */,
				EB72073D1EFFF2530080FE5F /* HKQueryService.swift in Sources */,
				692DF5390402846B38B9019D /* MDMeditationChartModuleInput.swift in Sources */,
				EB9908CC1F0009DF00C4F440 /* MeditationListViewCell.swift in Sources */,
				E18E51BE357D08BF24D9AAD4 /* MDMeditationChartPresenter.swift in Sources */,
				776D03DE41962C44F44B5A5D /* MDMeditationChartInteractorInput.swift in Sources */,
				4336666BCE06B432DE1E39FA /* MDMeditationChartInteractorOutput.swift in Sources */,
				C1F48D784EE747CA79F0A68A /* MDMeditationChartInteractor.swift in Sources */,
				7CCCEED73F62E1D9C9172346 /* MDMeditationChartRouterInput.swift in Sources */,
				80CD31E0F57F16418FC4EF3E /* MDMeditationChartRouter.swift in Sources */,
				7969BAB8D52807ADDA81DC88 /* MDMeditationChartConfigurator.swift in Sources */,
				BB716297DD3FC4FA8039E140 /* MDMeditationChartInitializer.swift in Sources */,
			);
			runOnlyForDeploymentPostprocessing = 0;
		};
		EBDA52FA1EEED21E00028E1E /* Sources */ = {
			isa = PBXSourcesBuildPhase;
			buildActionMask = 2147483647;
			files = (
				EBDA53031EEED21E00028E1E /* MeditationTests.swift in Sources */,
			);
			runOnlyForDeploymentPostprocessing = 0;
		};
		EBDA53051EEED21E00028E1E /* Sources */ = {
			isa = PBXSourcesBuildPhase;
			buildActionMask = 2147483647;
			files = (
				EBDA530E1EEED21E00028E1E /* MeditationUITests.swift in Sources */,
			);
			runOnlyForDeploymentPostprocessing = 0;
		};
		EBE8FC061EFE899E00D51E18 /* Sources */ = {
			isa = PBXSourcesBuildPhase;
			buildActionMask = 2147483647;
			files = (
				EBE8FC161EFE899E00D51E18 /* NotificationController.swift in Sources */,
				EBE8FC181EFE899E00D51E18 /* ComplicationController.swift in Sources */,
				EBE8FC141EFE899E00D51E18 /* ExtensionDelegate.swift in Sources */,
				EB7657F31F07ABF100583C8E /* FastTimeChoiceController.swift in Sources */,
				EBE8FC121EFE899E00D51E18 /* InterfaceController.swift in Sources */,
				EB7657F51F07C74E00583C8E /* EditTimeController.swift in Sources */,
				EBE8FC281EFE8E1500D51E18 /* WatchHeartRateMonitor.swift in Sources */,
			);
			runOnlyForDeploymentPostprocessing = 0;
		};
/* End PBXSourcesBuildPhase section */

/* Begin PBXTargetDependency section */
		EBDA53001EEED21E00028E1E /* PBXTargetDependency */ = {
			isa = PBXTargetDependency;
			target = EBDA52E91EEED21E00028E1E /* Meditation */;
			targetProxy = EBDA52FF1EEED21E00028E1E /* PBXContainerItemProxy */;
		};
		EBDA530B1EEED21E00028E1E /* PBXTargetDependency */ = {
			isa = PBXTargetDependency;
			target = EBDA52E91EEED21E00028E1E /* Meditation */;
			targetProxy = EBDA530A1EEED21E00028E1E /* PBXContainerItemProxy */;
		};
		EBE8FC0D1EFE899E00D51E18 /* PBXTargetDependency */ = {
			isa = PBXTargetDependency;
			target = EBE8FC091EFE899E00D51E18 /* MeditationWatch Extension */;
			targetProxy = EBE8FC0C1EFE899E00D51E18 /* PBXContainerItemProxy */;
		};
		EBE8FC1D1EFE899E00D51E18 /* PBXTargetDependency */ = {
			isa = PBXTargetDependency;
			target = EBE8FBFD1EFE899E00D51E18 /* MeditationWatch */;
			targetProxy = EBE8FC1C1EFE899E00D51E18 /* PBXContainerItemProxy */;
		};
/* End PBXTargetDependency section */

/* Begin PBXVariantGroup section */
		EBDA52F11EEED21E00028E1E /* Main.storyboard */ = {
			isa = PBXVariantGroup;
			children = (
				EBDA52F21EEED21E00028E1E /* Base */,
			);
			name = Main.storyboard;
			sourceTree = "<group>";
		};
		EBDA52F61EEED21E00028E1E /* LaunchScreen.storyboard */ = {
			isa = PBXVariantGroup;
			children = (
				EBDA52F71EEED21E00028E1E /* Base */,
			);
			name = LaunchScreen.storyboard;
			sourceTree = "<group>";
		};
		EBE8FC001EFE899E00D51E18 /* Interface.storyboard */ = {
			isa = PBXVariantGroup;
			children = (
				EBE8FC011EFE899E00D51E18 /* Base */,
			);
			name = Interface.storyboard;
			sourceTree = "<group>";
		};
/* End PBXVariantGroup section */

/* Begin XCBuildConfiguration section */
		EBDA53101EEED21E00028E1E /* Debug */ = {
			isa = XCBuildConfiguration;
			buildSettings = {
				ALWAYS_SEARCH_USER_PATHS = NO;
				CLANG_ANALYZER_NONNULL = YES;
				CLANG_ANALYZER_NUMBER_OBJECT_CONVERSION = YES_AGGRESSIVE;
				CLANG_CXX_LANGUAGE_STANDARD = "gnu++14";
				CLANG_CXX_LIBRARY = "libc++";
				CLANG_ENABLE_MODULES = YES;
				CLANG_ENABLE_OBJC_ARC = YES;
				CLANG_WARN_BLOCK_CAPTURE_AUTORELEASING = YES;
				CLANG_WARN_BOOL_CONVERSION = YES;
				CLANG_WARN_COMMA = YES;
				CLANG_WARN_CONSTANT_CONVERSION = YES;
				CLANG_WARN_DIRECT_OBJC_ISA_USAGE = YES_ERROR;
				CLANG_WARN_DOCUMENTATION_COMMENTS = YES;
				CLANG_WARN_EMPTY_BODY = YES;
				CLANG_WARN_ENUM_CONVERSION = YES;
				CLANG_WARN_INFINITE_RECURSION = YES;
				CLANG_WARN_INT_CONVERSION = YES;
				CLANG_WARN_NON_LITERAL_NULL_CONVERSION = YES;
				CLANG_WARN_OBJC_LITERAL_CONVERSION = YES;
				CLANG_WARN_OBJC_ROOT_CLASS = YES_ERROR;
				CLANG_WARN_RANGE_LOOP_ANALYSIS = YES;
				CLANG_WARN_STRICT_PROTOTYPES = YES;
				CLANG_WARN_SUSPICIOUS_MOVE = YES;
				CLANG_WARN_UNGUARDED_AVAILABILITY = YES_AGGRESSIVE;
				CLANG_WARN_UNREACHABLE_CODE = YES;
				CLANG_WARN__DUPLICATE_METHOD_MATCH = YES;
				CODE_SIGN_IDENTITY = "iPhone Developer";
				COPY_PHASE_STRIP = NO;
				DEBUG_INFORMATION_FORMAT = dwarf;
				ENABLE_STRICT_OBJC_MSGSEND = YES;
				ENABLE_TESTABILITY = YES;
				GCC_C_LANGUAGE_STANDARD = gnu11;
				GCC_DYNAMIC_NO_PIC = NO;
				GCC_NO_COMMON_BLOCKS = YES;
				GCC_OPTIMIZATION_LEVEL = 0;
				GCC_PREPROCESSOR_DEFINITIONS = (
					"DEBUG=1",
					"$(inherited)",
				);
				GCC_WARN_64_TO_32_BIT_CONVERSION = YES;
				GCC_WARN_ABOUT_RETURN_TYPE = YES_ERROR;
				GCC_WARN_UNDECLARED_SELECTOR = YES;
				GCC_WARN_UNINITIALIZED_AUTOS = YES_AGGRESSIVE;
				GCC_WARN_UNUSED_FUNCTION = YES;
				GCC_WARN_UNUSED_VARIABLE = YES;
				IPHONEOS_DEPLOYMENT_TARGET = 11.0;
				MTL_ENABLE_DEBUG_INFO = YES;
				ONLY_ACTIVE_ARCH = YES;
				SDKROOT = iphoneos;
				SWIFT_ACTIVE_COMPILATION_CONDITIONS = DEBUG;
				SWIFT_OPTIMIZATION_LEVEL = "-Onone";
			};
			name = Debug;
		};
		EBDA53111EEED21E00028E1E /* Release */ = {
			isa = XCBuildConfiguration;
			buildSettings = {
				ALWAYS_SEARCH_USER_PATHS = NO;
				CLANG_ANALYZER_NONNULL = YES;
				CLANG_ANALYZER_NUMBER_OBJECT_CONVERSION = YES_AGGRESSIVE;
				CLANG_CXX_LANGUAGE_STANDARD = "gnu++14";
				CLANG_CXX_LIBRARY = "libc++";
				CLANG_ENABLE_MODULES = YES;
				CLANG_ENABLE_OBJC_ARC = YES;
				CLANG_WARN_BLOCK_CAPTURE_AUTORELEASING = YES;
				CLANG_WARN_BOOL_CONVERSION = YES;
				CLANG_WARN_COMMA = YES;
				CLANG_WARN_CONSTANT_CONVERSION = YES;
				CLANG_WARN_DIRECT_OBJC_ISA_USAGE = YES_ERROR;
				CLANG_WARN_DOCUMENTATION_COMMENTS = YES;
				CLANG_WARN_EMPTY_BODY = YES;
				CLANG_WARN_ENUM_CONVERSION = YES;
				CLANG_WARN_INFINITE_RECURSION = YES;
				CLANG_WARN_INT_CONVERSION = YES;
				CLANG_WARN_NON_LITERAL_NULL_CONVERSION = YES;
				CLANG_WARN_OBJC_LITERAL_CONVERSION = YES;
				CLANG_WARN_OBJC_ROOT_CLASS = YES_ERROR;
				CLANG_WARN_RANGE_LOOP_ANALYSIS = YES;
				CLANG_WARN_STRICT_PROTOTYPES = YES;
				CLANG_WARN_SUSPICIOUS_MOVE = YES;
				CLANG_WARN_UNGUARDED_AVAILABILITY = YES_AGGRESSIVE;
				CLANG_WARN_UNREACHABLE_CODE = YES;
				CLANG_WARN__DUPLICATE_METHOD_MATCH = YES;
				CODE_SIGN_IDENTITY = "iPhone Developer";
				COPY_PHASE_STRIP = NO;
				DEBUG_INFORMATION_FORMAT = "dwarf-with-dsym";
				ENABLE_NS_ASSERTIONS = NO;
				ENABLE_STRICT_OBJC_MSGSEND = YES;
				GCC_C_LANGUAGE_STANDARD = gnu11;
				GCC_NO_COMMON_BLOCKS = YES;
				GCC_WARN_64_TO_32_BIT_CONVERSION = YES;
				GCC_WARN_ABOUT_RETURN_TYPE = YES_ERROR;
				GCC_WARN_UNDECLARED_SELECTOR = YES;
				GCC_WARN_UNINITIALIZED_AUTOS = YES_AGGRESSIVE;
				GCC_WARN_UNUSED_FUNCTION = YES;
				GCC_WARN_UNUSED_VARIABLE = YES;
				IPHONEOS_DEPLOYMENT_TARGET = 11.0;
				MTL_ENABLE_DEBUG_INFO = NO;
				SDKROOT = iphoneos;
				SWIFT_OPTIMIZATION_LEVEL = "-Owholemodule";
				VALIDATE_PRODUCT = YES;
			};
			name = Release;
		};
		EBDA53131EEED21E00028E1E /* Debug */ = {
			isa = XCBuildConfiguration;
			baseConfigurationReference = EFDB0A5C98C68F43E4051847 /* Pods-Meditation.debug.xcconfig */;
			buildSettings = {
				ASSETCATALOG_COMPILER_APPICON_NAME = AppIcon;
				CODE_SIGN_ENTITLEMENTS = Meditation/Meditation.entitlements;
				DEVELOPMENT_TEAM = STZB53GU8R;
				INFOPLIST_FILE = Meditation/Info.plist;
				IPHONEOS_DEPLOYMENT_TARGET = 10.0;
				LD_RUNPATH_SEARCH_PATHS = "$(inherited) @executable_path/Frameworks";
				PRODUCT_BUNDLE_IDENTIFIER = com.MadMag.Meditation;
				PRODUCT_NAME = "$(TARGET_NAME)";
				SWIFT_VERSION = 3.2;
				TARGETED_DEVICE_FAMILY = "1,2";
			};
			name = Debug;
		};
		EBDA53141EEED21E00028E1E /* Release */ = {
			isa = XCBuildConfiguration;
			baseConfigurationReference = A3C017F91AC1718E2598EE3D /* Pods-Meditation.release.xcconfig */;
			buildSettings = {
				ASSETCATALOG_COMPILER_APPICON_NAME = AppIcon;
				CODE_SIGN_ENTITLEMENTS = Meditation/Meditation.entitlements;
				DEVELOPMENT_TEAM = STZB53GU8R;
				INFOPLIST_FILE = Meditation/Info.plist;
				IPHONEOS_DEPLOYMENT_TARGET = 10.0;
				LD_RUNPATH_SEARCH_PATHS = "$(inherited) @executable_path/Frameworks";
				PRODUCT_BUNDLE_IDENTIFIER = com.MadMag.Meditation;
				PRODUCT_NAME = "$(TARGET_NAME)";
				SWIFT_VERSION = 3.2;
				TARGETED_DEVICE_FAMILY = "1,2";
			};
			name = Release;
		};
		EBDA53161EEED21E00028E1E /* Debug */ = {
			isa = XCBuildConfiguration;
			baseConfigurationReference = 293A14A9A41A2EA8D68E44F6 /* Pods-MeditationTests.debug.xcconfig */;
			buildSettings = {
				ALWAYS_EMBED_SWIFT_STANDARD_LIBRARIES = YES;
				BUNDLE_LOADER = "$(TEST_HOST)";
				DEVELOPMENT_TEAM = STZB53GU8R;
				INFOPLIST_FILE = MeditationTests/Info.plist;
				LD_RUNPATH_SEARCH_PATHS = "$(inherited) @executable_path/Frameworks @loader_path/Frameworks";
				PRODUCT_BUNDLE_IDENTIFIER = com.MadMag.MeditationTests;
				PRODUCT_NAME = "$(TARGET_NAME)";
				SWIFT_VERSION = 4.0;
				TARGETED_DEVICE_FAMILY = "1,2";
				TEST_HOST = "$(BUILT_PRODUCTS_DIR)/Meditation.app/Meditation";
			};
			name = Debug;
		};
		EBDA53171EEED21E00028E1E /* Release */ = {
			isa = XCBuildConfiguration;
			baseConfigurationReference = 0B23BFE66AA6B1857D3E74C4 /* Pods-MeditationTests.release.xcconfig */;
			buildSettings = {
				ALWAYS_EMBED_SWIFT_STANDARD_LIBRARIES = YES;
				BUNDLE_LOADER = "$(TEST_HOST)";
				DEVELOPMENT_TEAM = STZB53GU8R;
				INFOPLIST_FILE = MeditationTests/Info.plist;
				LD_RUNPATH_SEARCH_PATHS = "$(inherited) @executable_path/Frameworks @loader_path/Frameworks";
				PRODUCT_BUNDLE_IDENTIFIER = com.MadMag.MeditationTests;
				PRODUCT_NAME = "$(TARGET_NAME)";
				SWIFT_VERSION = 4.0;
				TARGETED_DEVICE_FAMILY = "1,2";
				TEST_HOST = "$(BUILT_PRODUCTS_DIR)/Meditation.app/Meditation";
			};
			name = Release;
		};
		EBDA53191EEED21E00028E1E /* Debug */ = {
			isa = XCBuildConfiguration;
			buildSettings = {
				ALWAYS_EMBED_SWIFT_STANDARD_LIBRARIES = YES;
				DEVELOPMENT_TEAM = STZB53GU8R;
				INFOPLIST_FILE = MeditationUITests/Info.plist;
				IPHONEOS_DEPLOYMENT_TARGET = 10.0;
				LD_RUNPATH_SEARCH_PATHS = "$(inherited) @executable_path/Frameworks @loader_path/Frameworks";
				PRODUCT_BUNDLE_IDENTIFIER = com.MadMag.MeditationUITests;
				PRODUCT_NAME = "$(TARGET_NAME)";
				SWIFT_VERSION = 4.0;
				TARGETED_DEVICE_FAMILY = "1,2";
				TEST_TARGET_NAME = Meditation;
			};
			name = Debug;
		};
		EBDA531A1EEED21E00028E1E /* Release */ = {
			isa = XCBuildConfiguration;
			buildSettings = {
				ALWAYS_EMBED_SWIFT_STANDARD_LIBRARIES = YES;
				DEVELOPMENT_TEAM = STZB53GU8R;
				INFOPLIST_FILE = MeditationUITests/Info.plist;
				IPHONEOS_DEPLOYMENT_TARGET = 10.0;
				LD_RUNPATH_SEARCH_PATHS = "$(inherited) @executable_path/Frameworks @loader_path/Frameworks";
				PRODUCT_BUNDLE_IDENTIFIER = com.MadMag.MeditationUITests;
				PRODUCT_NAME = "$(TARGET_NAME)";
				SWIFT_VERSION = 4.0;
				TARGETED_DEVICE_FAMILY = "1,2";
				TEST_TARGET_NAME = Meditation;
			};
			name = Release;
		};
		EBE8FC1F1EFE899E00D51E18 /* Debug */ = {
			isa = XCBuildConfiguration;
			buildSettings = {
				ALWAYS_EMBED_SWIFT_STANDARD_LIBRARIES = YES;
				ASSETCATALOG_COMPILER_APPICON_NAME = AppIcon;
				CLANG_CXX_LANGUAGE_STANDARD = "gnu++0x";
				CODE_SIGN_ENTITLEMENTS = MeditationWatch/MeditationWatch.entitlements;
				DEVELOPMENT_TEAM = STZB53GU8R;
				GCC_C_LANGUAGE_STANDARD = gnu99;
				IBSC_MODULE = MeditationWatch_Extension;
				INFOPLIST_FILE = MeditationWatch/Info.plist;
				LD_RUNPATH_SEARCH_PATHS = "$(inherited) @executable_path/Frameworks";
				PRODUCT_BUNDLE_IDENTIFIER = com.MadMag.Meditation.watchkitapp;
				PRODUCT_NAME = "$(TARGET_NAME)";
				SDKROOT = watchos;
				SKIP_INSTALL = YES;
				SWIFT_VERSION = 3.0;
				TARGETED_DEVICE_FAMILY = 4;
				WATCHOS_DEPLOYMENT_TARGET = 3.0;
			};
			name = Debug;
		};
		EBE8FC201EFE899E00D51E18 /* Release */ = {
			isa = XCBuildConfiguration;
			buildSettings = {
				ALWAYS_EMBED_SWIFT_STANDARD_LIBRARIES = YES;
				ASSETCATALOG_COMPILER_APPICON_NAME = AppIcon;
				CLANG_CXX_LANGUAGE_STANDARD = "gnu++0x";
				CODE_SIGN_ENTITLEMENTS = MeditationWatch/MeditationWatch.entitlements;
				DEVELOPMENT_TEAM = STZB53GU8R;
				GCC_C_LANGUAGE_STANDARD = gnu99;
				IBSC_MODULE = MeditationWatch_Extension;
				INFOPLIST_FILE = MeditationWatch/Info.plist;
				LD_RUNPATH_SEARCH_PATHS = "$(inherited) @executable_path/Frameworks";
				PRODUCT_BUNDLE_IDENTIFIER = com.MadMag.Meditation.watchkitapp;
				PRODUCT_NAME = "$(TARGET_NAME)";
				SDKROOT = watchos;
				SKIP_INSTALL = YES;
				SWIFT_VERSION = 3.0;
				TARGETED_DEVICE_FAMILY = 4;
				WATCHOS_DEPLOYMENT_TARGET = 3.0;
			};
			name = Release;
		};
		EBE8FC211EFE899E00D51E18 /* Debug */ = {
			isa = XCBuildConfiguration;
			buildSettings = {
				ASSETCATALOG_COMPILER_COMPLICATION_NAME = Complication;
				CLANG_CXX_LANGUAGE_STANDARD = "gnu++0x";
				CODE_SIGN_ENTITLEMENTS = "MeditationWatch Extension/MeditationWatch Extension.entitlements";
				DEVELOPMENT_TEAM = STZB53GU8R;
				GCC_C_LANGUAGE_STANDARD = gnu99;
				INFOPLIST_FILE = "MeditationWatch Extension/Info.plist";
				LD_RUNPATH_SEARCH_PATHS = "$(inherited) @executable_path/Frameworks @executable_path/../../Frameworks";
				PRODUCT_BUNDLE_IDENTIFIER = com.MadMag.Meditation.watchkitapp.watchkitextension;
				PRODUCT_NAME = "${TARGET_NAME}";
				SDKROOT = watchos;
				SKIP_INSTALL = YES;
				SWIFT_VERSION = 3.0;
				TARGETED_DEVICE_FAMILY = 4;
				WATCHOS_DEPLOYMENT_TARGET = 3.2;
			};
			name = Debug;
		};
		EBE8FC221EFE899E00D51E18 /* Release */ = {
			isa = XCBuildConfiguration;
			buildSettings = {
				ASSETCATALOG_COMPILER_COMPLICATION_NAME = Complication;
				CLANG_CXX_LANGUAGE_STANDARD = "gnu++0x";
				CODE_SIGN_ENTITLEMENTS = "MeditationWatch Extension/MeditationWatch Extension.entitlements";
				DEVELOPMENT_TEAM = STZB53GU8R;
				GCC_C_LANGUAGE_STANDARD = gnu99;
				INFOPLIST_FILE = "MeditationWatch Extension/Info.plist";
				LD_RUNPATH_SEARCH_PATHS = "$(inherited) @executable_path/Frameworks @executable_path/../../Frameworks";
				PRODUCT_BUNDLE_IDENTIFIER = com.MadMag.Meditation.watchkitapp.watchkitextension;
				PRODUCT_NAME = "${TARGET_NAME}";
				SDKROOT = watchos;
				SKIP_INSTALL = YES;
				SWIFT_VERSION = 3.0;
				TARGETED_DEVICE_FAMILY = 4;
				WATCHOS_DEPLOYMENT_TARGET = 3.2;
			};
			name = Release;
		};
/* End XCBuildConfiguration section */

/* Begin XCConfigurationList section */
		EBDA52E51EEED21E00028E1E /* Build configuration list for PBXProject "Meditation" */ = {
			isa = XCConfigurationList;
			buildConfigurations = (
				EBDA53101EEED21E00028E1E /* Debug */,
				EBDA53111EEED21E00028E1E /* Release */,
			);
			defaultConfigurationIsVisible = 0;
			defaultConfigurationName = Release;
		};
		EBDA53121EEED21E00028E1E /* Build configuration list for PBXNativeTarget "Meditation" */ = {
			isa = XCConfigurationList;
			buildConfigurations = (
				EBDA53131EEED21E00028E1E /* Debug */,
				EBDA53141EEED21E00028E1E /* Release */,
			);
			defaultConfigurationIsVisible = 0;
			defaultConfigurationName = Release;
		};
		EBDA53151EEED21E00028E1E /* Build configuration list for PBXNativeTarget "MeditationTests" */ = {
			isa = XCConfigurationList;
			buildConfigurations = (
				EBDA53161EEED21E00028E1E /* Debug */,
				EBDA53171EEED21E00028E1E /* Release */,
			);
			defaultConfigurationIsVisible = 0;
			defaultConfigurationName = Release;
		};
		EBDA53181EEED21E00028E1E /* Build configuration list for PBXNativeTarget "MeditationUITests" */ = {
			isa = XCConfigurationList;
			buildConfigurations = (
				EBDA53191EEED21E00028E1E /* Debug */,
				EBDA531A1EEED21E00028E1E /* Release */,
			);
			defaultConfigurationIsVisible = 0;
			defaultConfigurationName = Release;
		};
		EBE8FC231EFE899E00D51E18 /* Build configuration list for PBXNativeTarget "MeditationWatch Extension" */ = {
			isa = XCConfigurationList;
			buildConfigurations = (
				EBE8FC211EFE899E00D51E18 /* Debug */,
				EBE8FC221EFE899E00D51E18 /* Release */,
			);
			defaultConfigurationIsVisible = 0;
			defaultConfigurationName = Release;
		};
		EBE8FC251EFE899E00D51E18 /* Build configuration list for PBXNativeTarget "MeditationWatch" */ = {
			isa = XCConfigurationList;
			buildConfigurations = (
				EBE8FC1F1EFE899E00D51E18 /* Debug */,
				EBE8FC201EFE899E00D51E18 /* Release */,
			);
			defaultConfigurationIsVisible = 0;
			defaultConfigurationName = Release;
		};
/* End XCConfigurationList section */
	};
	rootObject = EBDA52E21EEED21E00028E1E /* Project object */;
}
